
Microsoft Visual Studio Solution File, Format Version 12.00
# Visual Studio Version 16
VisualStudioVersion = 16.0.29911.84
MinimumVisualStudioVersion = 10.0.40219.1
Project("{FAE04EC0-301F-11D3-BF4B-00C04F79EFBC}") = "20GRPED.MVC1.A15.OneToMany", "20GRPED.MVC1.A15.OneToMany\20GRPED.MVC1.A15.OneToMany.csproj", "{3AB24ED0-9173-40FA-88C9-85E85B9D48E1}"
EndProject
Global
	GlobalSection(SolutionConfigurationPlatforms) = preSolution
		Debug|Any CPU = Debug|Any CPU
		Release|Any CPU = Release|Any CPU
	EndGlobalSection
	GlobalSection(ProjectConfigurationPlatforms) = postSolution
		{3AB24ED0-9173-40FA-88C9-85E85B9D48E1}.Debug|Any CPU.ActiveCfg = Debug|Any CPU
		{3AB24ED0-9173-40FA-88C9-85E85B9D48E1}.Debug|Any CPU.Build.0 = Debug|Any CPU
		{3AB24ED0-9173-40FA-88C9-85E85B9D48E1}.Release|Any CPU.ActiveCfg = Release|Any CPU
		{3AB24ED0-9173-40FA-88C9-85E85B9D48E1}.Release|Any CPU.Build.0 = Release|Any CPU
	EndGlobalSection
	GlobalSection(SolutionProperties) = preSolution
		HideSolutionNode = FALSE
	EndGlobalSection
	GlobalSection(ExtensibilityGlobals) = postSolution
		SolutionGuid = {BBCC7C9A-6060-4060-A96D-5A88C56D8856}
	EndGlobalSection
EndGlobal
